
Microsoft Visual Studio Solution File, Format Version 12.00
# Visual Studio Version 16
VisualStudioVersion = 16.0.31515.178
MinimumVisualStudioVersion = 10.0.40219.1
Project("{FAE04EC0-301F-11D3-BF4B-00C04F79EFBC}") = "Parte2_Ejercicio_10", "Parte2_Ejercicio_10\Parte2_Ejercicio_10.csproj", "{04D069A8-851F-4750-8ED8-2543C2117F95}"
EndProject
Global
	GlobalSection(SolutionConfigurationPlatforms) = preSolution
		Debug|Any CPU = Debug|Any CPU
		Release|Any CPU = Release|Any CPU
	EndGlobalSection
	GlobalSection(ProjectConfigurationPlatforms) = postSolution
		{04D069A8-851F-4750-8ED8-2543C2117F95}.Debug|Any CPU.ActiveCfg = Debug|Any CPU
		{04D069A8-851F-4750-8ED8-2543C2117F95}.Debug|Any CPU.Build.0 = Debug|Any CPU
		{04D069A8-851F-4750-8ED8-2543C2117F95}.Release|Any CPU.ActiveCfg = Release|Any CPU
		{04D069A8-851F-4750-8ED8-2543C2117F95}.Release|Any CPU.Build.0 = Release|Any CPU
	EndGlobalSection
	GlobalSection(SolutionProperties) = preSolution
		HideSolutionNode = FALSE
	EndGlobalSection
	GlobalSection(ExtensibilityGlobals) = postSolution
		SolutionGuid = {C4209250-8B29-4B38-821E-26EFACDE81B8}
	EndGlobalSection
EndGlobal
