
Microsoft Visual Studio Solution File, Format Version 12.00
# Visual Studio Version 16
VisualStudioVersion = 16.0.31424.327
MinimumVisualStudioVersion = 10.0.40219.1
Project("{FAE04EC0-301F-11D3-BF4B-00C04F79EFBC}") = "Ejercicio_13", "Ejercicio_13\Ejercicio_13.csproj", "{52F7F839-D296-49D3-8960-474BEAA9744C}"
EndProject
Global
	GlobalSection(SolutionConfigurationPlatforms) = preSolution
		Debug|Any CPU = Debug|Any CPU
		Release|Any CPU = Release|Any CPU
	EndGlobalSection
	GlobalSection(ProjectConfigurationPlatforms) = postSolution
		{52F7F839-D296-49D3-8960-474BEAA9744C}.Debug|Any CPU.ActiveCfg = Debug|Any CPU
		{52F7F839-D296-49D3-8960-474BEAA9744C}.Debug|Any CPU.Build.0 = Debug|Any CPU
		{52F7F839-D296-49D3-8960-474BEAA9744C}.Release|Any CPU.ActiveCfg = Release|Any CPU
		{52F7F839-D296-49D3-8960-474BEAA9744C}.Release|Any CPU.Build.0 = Release|Any CPU
	EndGlobalSection
	GlobalSection(SolutionProperties) = preSolution
		HideSolutionNode = FALSE
	EndGlobalSection
	GlobalSection(ExtensibilityGlobals) = postSolution
		SolutionGuid = {ED87FDA0-752D-43C6-AE0D-3846197F8040}
	EndGlobalSection
EndGlobal
