
Microsoft Visual Studio Solution File, Format Version 12.00
# Visual Studio Version 16
VisualStudioVersion = 16.0.31424.327
MinimumVisualStudioVersion = 10.0.40219.1
Project("{FAE04EC0-301F-11D3-BF4B-00C04F79EFBC}") = "Ejercicio_5", "Ejercicio_5\Ejercicio_5.csproj", "{32211D12-0D70-462D-A995-0078663B163C}"
EndProject
Global
	GlobalSection(SolutionConfigurationPlatforms) = preSolution
		Debug|Any CPU = Debug|Any CPU
		Release|Any CPU = Release|Any CPU
	EndGlobalSection
	GlobalSection(ProjectConfigurationPlatforms) = postSolution
		{32211D12-0D70-462D-A995-0078663B163C}.Debug|Any CPU.ActiveCfg = Debug|Any CPU
		{32211D12-0D70-462D-A995-0078663B163C}.Debug|Any CPU.Build.0 = Debug|Any CPU
		{32211D12-0D70-462D-A995-0078663B163C}.Release|Any CPU.ActiveCfg = Release|Any CPU
		{32211D12-0D70-462D-A995-0078663B163C}.Release|Any CPU.Build.0 = Release|Any CPU
	EndGlobalSection
	GlobalSection(SolutionProperties) = preSolution
		HideSolutionNode = FALSE
	EndGlobalSection
	GlobalSection(ExtensibilityGlobals) = postSolution
		SolutionGuid = {988E1397-B856-469B-A11D-FB282E8352B7}
	EndGlobalSection
EndGlobal
