
Microsoft Visual Studio Solution File, Format Version 12.00
# Visual Studio Version 16
VisualStudioVersion = 16.0.31424.327
MinimumVisualStudioVersion = 10.0.40219.1
Project("{FAE04EC0-301F-11D3-BF4B-00C04F79EFBC}") = "Ejercicio_15", "Ejercicio_15\Ejercicio_15.csproj", "{1E7E9CE8-8920-4C58-AEB0-2FF1EA75E064}"
EndProject
Global
	GlobalSection(SolutionConfigurationPlatforms) = preSolution
		Debug|Any CPU = Debug|Any CPU
		Release|Any CPU = Release|Any CPU
	EndGlobalSection
	GlobalSection(ProjectConfigurationPlatforms) = postSolution
		{1E7E9CE8-8920-4C58-AEB0-2FF1EA75E064}.Debug|Any CPU.ActiveCfg = Debug|Any CPU
		{1E7E9CE8-8920-4C58-AEB0-2FF1EA75E064}.Debug|Any CPU.Build.0 = Debug|Any CPU
		{1E7E9CE8-8920-4C58-AEB0-2FF1EA75E064}.Release|Any CPU.ActiveCfg = Release|Any CPU
		{1E7E9CE8-8920-4C58-AEB0-2FF1EA75E064}.Release|Any CPU.Build.0 = Release|Any CPU
	EndGlobalSection
	GlobalSection(SolutionProperties) = preSolution
		HideSolutionNode = FALSE
	EndGlobalSection
	GlobalSection(ExtensibilityGlobals) = postSolution
		SolutionGuid = {45C29FA6-D5EA-4D39-97A9-7BD4079C5B72}
	EndGlobalSection
EndGlobal
