
Microsoft Visual Studio Solution File, Format Version 12.00
# Visual Studio Version 16
VisualStudioVersion = 16.0.31515.178
MinimumVisualStudioVersion = 10.0.40219.1
Project("{FAE04EC0-301F-11D3-BF4B-00C04F79EFBC}") = "Parte1_Ejercicio_2", "Parte1_Ejercicio_2\Parte1_Ejercicio_2.csproj", "{295BCBF2-98E9-48DA-97D6-4E12B4EE2529}"
EndProject
Global
	GlobalSection(SolutionConfigurationPlatforms) = preSolution
		Debug|Any CPU = Debug|Any CPU
		Release|Any CPU = Release|Any CPU
	EndGlobalSection
	GlobalSection(ProjectConfigurationPlatforms) = postSolution
		{295BCBF2-98E9-48DA-97D6-4E12B4EE2529}.Debug|Any CPU.ActiveCfg = Debug|Any CPU
		{295BCBF2-98E9-48DA-97D6-4E12B4EE2529}.Debug|Any CPU.Build.0 = Debug|Any CPU
		{295BCBF2-98E9-48DA-97D6-4E12B4EE2529}.Release|Any CPU.ActiveCfg = Release|Any CPU
		{295BCBF2-98E9-48DA-97D6-4E12B4EE2529}.Release|Any CPU.Build.0 = Release|Any CPU
	EndGlobalSection
	GlobalSection(SolutionProperties) = preSolution
		HideSolutionNode = FALSE
	EndGlobalSection
	GlobalSection(ExtensibilityGlobals) = postSolution
		SolutionGuid = {F0A72354-41AA-4718-920D-F7BF90E13117}
	EndGlobalSection
EndGlobal
