
Microsoft Visual Studio Solution File, Format Version 12.00
# Visual Studio Version 16
VisualStudioVersion = 16.0.31424.327
MinimumVisualStudioVersion = 10.0.40219.1
Project("{FAE04EC0-301F-11D3-BF4B-00C04F79EFBC}") = "Ejercicio_1", "Ejercicio_1\Ejercicio_1.csproj", "{EADEA4AA-4427-462D-A720-8D2CF64FCA6E}"
EndProject
Global
	GlobalSection(SolutionConfigurationPlatforms) = preSolution
		Debug|Any CPU = Debug|Any CPU
		Release|Any CPU = Release|Any CPU
	EndGlobalSection
	GlobalSection(ProjectConfigurationPlatforms) = postSolution
		{EADEA4AA-4427-462D-A720-8D2CF64FCA6E}.Debug|Any CPU.ActiveCfg = Debug|Any CPU
		{EADEA4AA-4427-462D-A720-8D2CF64FCA6E}.Debug|Any CPU.Build.0 = Debug|Any CPU
		{EADEA4AA-4427-462D-A720-8D2CF64FCA6E}.Release|Any CPU.ActiveCfg = Release|Any CPU
		{EADEA4AA-4427-462D-A720-8D2CF64FCA6E}.Release|Any CPU.Build.0 = Release|Any CPU
	EndGlobalSection
	GlobalSection(SolutionProperties) = preSolution
		HideSolutionNode = FALSE
	EndGlobalSection
	GlobalSection(ExtensibilityGlobals) = postSolution
		SolutionGuid = {07AE6AD2-CD49-4269-B2D3-5E71D7543095}
	EndGlobalSection
EndGlobal
