
Microsoft Visual Studio Solution File, Format Version 12.00
# Visual Studio Version 16
VisualStudioVersion = 16.0.31515.178
MinimumVisualStudioVersion = 10.0.40219.1
Project("{FAE04EC0-301F-11D3-BF4B-00C04F79EFBC}") = "Parte1_Ejercicio_8", "Parte1_Ejercicio_8\Parte1_Ejercicio_8.csproj", "{0AE5B20A-E5AD-4C7A-BA0E-82192ED8DC60}"
EndProject
Global
	GlobalSection(SolutionConfigurationPlatforms) = preSolution
		Debug|Any CPU = Debug|Any CPU
		Release|Any CPU = Release|Any CPU
	EndGlobalSection
	GlobalSection(ProjectConfigurationPlatforms) = postSolution
		{0AE5B20A-E5AD-4C7A-BA0E-82192ED8DC60}.Debug|Any CPU.ActiveCfg = Debug|Any CPU
		{0AE5B20A-E5AD-4C7A-BA0E-82192ED8DC60}.Debug|Any CPU.Build.0 = Debug|Any CPU
		{0AE5B20A-E5AD-4C7A-BA0E-82192ED8DC60}.Release|Any CPU.ActiveCfg = Release|Any CPU
		{0AE5B20A-E5AD-4C7A-BA0E-82192ED8DC60}.Release|Any CPU.Build.0 = Release|Any CPU
	EndGlobalSection
	GlobalSection(SolutionProperties) = preSolution
		HideSolutionNode = FALSE
	EndGlobalSection
	GlobalSection(ExtensibilityGlobals) = postSolution
		SolutionGuid = {B0F2B8FE-7B18-4067-906C-90A1A2F83BE8}
	EndGlobalSection
EndGlobal
